// !$*UTF8*$!
{
	archiveVersion = 1;
	classes = {
	};
	objectVersion = 56;
	objects = {

/* Begin PBXBuildFile section */
		123A32AA10914ED0982AC71E /* Assets.xcassets in Resources */ = {isa = PBXBuildFile; fileRef = 833EFA239724402AA8724841 /* Assets.xcassets */; };
		4429FAB85F614B86814DB727 /* GigTrackApp.swift in Sources */ = {isa = PBXBuildFile; fileRef = 0ABF3BCD7B074674B9C0C381 /* GigTrackApp.swift */; };
		BBB0B0E785FC4474A19B3323 /* Client.swift in Sources */ = {isa = PBXBuildFile; fileRef = 204820D732434BF2816C5AA9 /* Client.swift */; };
		8DFEF8603FD746C090265A99 /* DrivingTrip.swift in Sources */ = {isa = PBXBuildFile; fileRef = C10791375B824300855A67BE /* DrivingTrip.swift */; };
		A230B4CCC09B4549B3F38D5B /* Invoice.swift in Sources */ = {isa = PBXBuildFile; fileRef = F358551637394FF9A7F2A743 /* Invoice.swift */; };
		783AE140514D45F1B8772954 /* InvoiceLineItem.swift in Sources */ = {isa = PBXBuildFile; fileRef = AA29DBB349704BEB90E3BEC6 /* InvoiceLineItem.swift */; };
		503CE5F4FCB7453BB8006DFD /* InvoiceStatus.swift in Sources */ = {isa = PBXBuildFile; fileRef = 12E917B6A58D445AB9CAC8BA /* InvoiceStatus.swift */; };
		CED2858E967F479E99CD07C6 /* Person.swift in Sources */ = {isa = PBXBuildFile; fileRef = 22AE916F00BC4DB8875541C9 /* Person.swift */; };
		7E45EDE7FD01441084F94092 /* Receipt.swift in Sources */ = {isa = PBXBuildFile; fileRef = 2A7422524B2A41299CB5A8F0 /* Receipt.swift */; };
		1476F1F851A04C3ABC701941 /* TimeEntry.swift in Sources */ = {isa = PBXBuildFile; fileRef = EE945D50B7764B6F884A36E1 /* TimeEntry.swift */; };
		14EC3EB9C5154A16854A9E4E /* AppStorageKeys.swift in Sources */ = {isa = PBXBuildFile; fileRef = 282039659E4E474A86CD9908 /* AppStorageKeys.swift */; };
		5976238F797043EBAD5BE46D /* CSVExporter.swift in Sources */ = {isa = PBXBuildFile; fileRef = D49E70C67BF848D6ACC807CA /* CSVExporter.swift */; };
		083F4379287A4164A2D2A5C9 /* Formatters.swift in Sources */ = {isa = PBXBuildFile; fileRef = F10C5DFA20F44E029680B9C4 /* Formatters.swift */; };
		B9A60575DC3747ADBB6AEC30 /* InvoicePDFGenerator.swift in Sources */ = {isa = PBXBuildFile; fileRef = 39E8DE2EBEC7459098DD73D8 /* InvoicePDFGenerator.swift */; };
		B0A1C532535E4A5D903A702D /* CameraPicker.swift in Sources */ = {isa = PBXBuildFile; fileRef = EAA889CAD55A465DAD3FC897 /* CameraPicker.swift */; };
		10CFB5EB12164ED3969AD440 /* EmptyStateView.swift in Sources */ = {isa = PBXBuildFile; fileRef = 07E3B7B3C9724D108C6AC062 /* EmptyStateView.swift */; };
		D3652BA1FF9948E8B3FB257B /* ShareSheet.swift in Sources */ = {isa = PBXBuildFile; fileRef = 13592D53B14B4B9C90ABC0A1 /* ShareSheet.swift */; };
		24D37E7309DF46E3964A72F5 /* StatCard.swift in Sources */ = {isa = PBXBuildFile; fileRef = BE40A1016F8A44FEBAD8D268 /* StatCard.swift */; };
		762E5F4FA7D4466E878B43DE /* AddEditTripView.swift in Sources */ = {isa = PBXBuildFile; fileRef = 8B1C2FA4DDEA4E0C8B6D56EB /* AddEditTripView.swift */; };
		A306ABFA314A40C0AE1EC640 /* DrivingListView.swift in Sources */ = {isa = PBXBuildFile; fileRef = F85B6D1A6E8848E2998ECD3E /* DrivingListView.swift */; };
		DE2ACD28AB3B490B9ACE1F5B /* TripRowView.swift in Sources */ = {isa = PBXBuildFile; fileRef = 715C22398BEE48CE84340DFA /* TripRowView.swift */; };
		8DB062FD905E4512AA8A94DA /* AddEditClientView.swift in Sources */ = {isa = PBXBuildFile; fileRef = 74004C62E5304119B284D842 /* AddEditClientView.swift */; };
		61BAB08F311B422BA5DE3300 /* AddEditInvoiceView.swift in Sources */ = {isa = PBXBuildFile; fileRef = E50FB38DAEC94C26B7FF83CA /* AddEditInvoiceView.swift */; };
		957538272EF1499D845D6809 /* ClientsListView.swift in Sources */ = {isa = PBXBuildFile; fileRef = 54700B0B4107453BB1B1B364 /* ClientsListView.swift */; };
		F75B5A44BF224178AE6903AC /* InvoiceDetailView.swift in Sources */ = {isa = PBXBuildFile; fileRef = 503DB5DD40A7450DAC1DB9BA /* InvoiceDetailView.swift */; };
		3DEA73AEFB224E518192BFC4 /* InvoiceRowView.swift in Sources */ = {isa = PBXBuildFile; fileRef = 98B923AC878849D19603F847 /* InvoiceRowView.swift */; };
		88BF21144AC7402BA9968D20 /* InvoicesListView.swift in Sources */ = {isa = PBXBuildFile; fileRef = 1799760F8B854CB5B6C4AB6B /* InvoicesListView.swift */; };
		1169D50B137B4A0590406DD5 /* AddEditReceiptView.swift in Sources */ = {isa = PBXBuildFile; fileRef = 6C629599870E4D82AB1EE532 /* AddEditReceiptView.swift */; };
		7AE4BA81D79B402C84872EA3 /* ReceiptRowView.swift in Sources */ = {isa = PBXBuildFile; fileRef = C14ED3A4C58E42368D695E1F /* ReceiptRowView.swift */; };
		0C53554CAEA8429C8BB8F0AA /* ReceiptsListView.swift in Sources */ = {isa = PBXBuildFile; fileRef = 01A49E01D5BD443CBD9CC573 /* ReceiptsListView.swift */; };
		B224A33E43564572B8201349 /* RootTabView.swift in Sources */ = {isa = PBXBuildFile; fileRef = F0C4874E226B42E1A6963EEE /* RootTabView.swift */; };
		94C51F9068874B129F33F0DA /* SettingsView.swift in Sources */ = {isa = PBXBuildFile; fileRef = 61D073B84A92464D935C59AF /* SettingsView.swift */; };
		DD5FA6BF0C8840E4A5937E84 /* AddEditPersonView.swift in Sources */ = {isa = PBXBuildFile; fileRef = BDF8F6E2C6AD4FE4A8959EA2 /* AddEditPersonView.swift */; };
		9A244035C2624ED9B2E9C43B /* AddEditTimeEntryView.swift in Sources */ = {isa = PBXBuildFile; fileRef = 3E049FEA47514F1BB91EC2CA /* AddEditTimeEntryView.swift */; };
		248C893D077F42D88CE04635 /* PeopleListView.swift in Sources */ = {isa = PBXBuildFile; fileRef = 4382C5C7BEA3446294F6710C /* PeopleListView.swift */; };
		F5FABEC38C29447DAC7373F5 /* TimeEntriesListView.swift in Sources */ = {isa = PBXBuildFile; fileRef = EFEFA8EB756A48DE866A82BB /* TimeEntriesListView.swift */; };
		29A313E629C0497CA8A732E4 /* TimeTabView.swift in Sources */ = {isa = PBXBuildFile; fileRef = 218FD77D00E34179B4E20738 /* TimeTabView.swift */; };
		351C79E965A04AEE8947D61A /* TimerView.swift in Sources */ = {isa = PBXBuildFile; fileRef = F92842EC73034E3AB9E00ADA /* TimerView.swift */; };
/* End PBXBuildFile section */

/* Begin PBXFileReference section */
		5BBEFD0000000000000000A1 /* GigTrack.app */ = {isa = PBXFileReference; explicitFileType = wrapper.application; includeInIndex = 0; path = GigTrack.app; sourceTree = BUILT_PRODUCTS_DIR; };
		833EFA239724402AA8724841 /* Assets.xcassets */ = {isa = PBXFileReference; lastKnownFileType = folder.assetcatalog; path = Assets.xcassets; sourceTree = "<group>"; };
		E7C86E43C3394656AFD52CAE /* GigTrack.entitlements */ = {isa = PBXFileReference; lastKnownFileType = text.plist.entitlements; path = GigTrack.entitlements; sourceTree = "<group>"; };
		0ABF3BCD7B074674B9C0C381 /* GigTrackApp.swift */ = {isa = PBXFileReference; lastKnownFileType = sourcecode.swift; path = GigTrackApp.swift; sourceTree = "<group>"; };
		204820D732434BF2816C5AA9 /* Client.swift */ = {isa = PBXFileReference; lastKnownFileType = sourcecode.swift; path = Client.swift; sourceTree = "<group>"; };
		C10791375B824300855A67BE /* DrivingTrip.swift */ = {isa = PBXFileReference; lastKnownFileType = sourcecode.swift; path = DrivingTrip.swift; sourceTree = "<group>"; };
		F358551637394FF9A7F2A743 /* Invoice.swift */ = {isa = PBXFileReference; lastKnownFileType = sourcecode.swift; path = Invoice.swift; sourceTree = "<group>"; };
		AA29DBB349704BEB90E3BEC6 /* InvoiceLineItem.swift */ = {isa = PBXFileReference; lastKnownFileType = sourcecode.swift; path = InvoiceLineItem.swift; sourceTree = "<group>"; };
		12E917B6A58D445AB9CAC8BA /* InvoiceStatus.swift */ = {isa = PBXFileReference; lastKnownFileType = sourcecode.swift; path = InvoiceStatus.swift; sourceTree = "<group>"; };
		22AE916F00BC4DB8875541C9 /* Person.swift */ = {isa = PBXFileReference; lastKnownFileType = sourcecode.swift; path = Person.swift; sourceTree = "<group>"; };
		2A7422524B2A41299CB5A8F0 /* Receipt.swift */ = {isa = PBXFileReference; lastKnownFileType = sourcecode.swift; path = Receipt.swift; sourceTree = "<group>"; };
		EE945D50B7764B6F884A36E1 /* TimeEntry.swift */ = {isa = PBXFileReference; lastKnownFileType = sourcecode.swift; path = TimeEntry.swift; sourceTree = "<group>"; };
		282039659E4E474A86CD9908 /* AppStorageKeys.swift */ = {isa = PBXFileReference; lastKnownFileType = sourcecode.swift; path = AppStorageKeys.swift; sourceTree = "<group>"; };
		D49E70C67BF848D6ACC807CA /* CSVExporter.swift */ = {isa = PBXFileReference; lastKnownFileType = sourcecode.swift; path = CSVExporter.swift; sourceTree = "<group>"; };
		F10C5DFA20F44E029680B9C4 /* Formatters.swift */ = {isa = PBXFileReference; lastKnownFileType = sourcecode.swift; path = Formatters.swift; sourceTree = "<group>"; };
		39E8DE2EBEC7459098DD73D8 /* InvoicePDFGenerator.swift */ = {isa = PBXFileReference; lastKnownFileType = sourcecode.swift; path = InvoicePDFGenerator.swift; sourceTree = "<group>"; };
		EAA889CAD55A465DAD3FC897 /* CameraPicker.swift */ = {isa = PBXFileReference; lastKnownFileType = sourcecode.swift; path = CameraPicker.swift; sourceTree = "<group>"; };
		07E3B7B3C9724D108C6AC062 /* EmptyStateView.swift */ = {isa = PBXFileReference; lastKnownFileType = sourcecode.swift; path = EmptyStateView.swift; sourceTree = "<group>"; };
		13592D53B14B4B9C90ABC0A1 /* ShareSheet.swift */ = {isa = PBXFileReference; lastKnownFileType = sourcecode.swift; path = ShareSheet.swift; sourceTree = "<group>"; };
		BE40A1016F8A44FEBAD8D268 /* StatCard.swift */ = {isa = PBXFileReference; lastKnownFileType = sourcecode.swift; path = StatCard.swift; sourceTree = "<group>"; };
		8B1C2FA4DDEA4E0C8B6D56EB /* AddEditTripView.swift */ = {isa = PBXFileReference; lastKnownFileType = sourcecode.swift; path = AddEditTripView.swift; sourceTree = "<group>"; };
		F85B6D1A6E8848E2998ECD3E /* DrivingListView.swift */ = {isa = PBXFileReference; lastKnownFileType = sourcecode.swift; path = DrivingListView.swift; sourceTree = "<group>"; };
		715C22398BEE48CE84340DFA /* TripRowView.swift */ = {isa = PBXFileReference; lastKnownFileType = sourcecode.swift; path = TripRowView.swift; sourceTree = "<group>"; };
		74004C62E5304119B284D842 /* AddEditClientView.swift */ = {isa = PBXFileReference; lastKnownFileType = sourcecode.swift; path = AddEditClientView.swift; sourceTree = "<group>"; };
		E50FB38DAEC94C26B7FF83CA /* AddEditInvoiceView.swift */ = {isa = PBXFileReference; lastKnownFileType = sourcecode.swift; path = AddEditInvoiceView.swift; sourceTree = "<group>"; };
		54700B0B4107453BB1B1B364 /* ClientsListView.swift */ = {isa = PBXFileReference; lastKnownFileType = sourcecode.swift; path = ClientsListView.swift; sourceTree = "<group>"; };
		503DB5DD40A7450DAC1DB9BA /* InvoiceDetailView.swift */ = {isa = PBXFileReference; lastKnownFileType = sourcecode.swift; path = InvoiceDetailView.swift; sourceTree = "<group>"; };
		98B923AC878849D19603F847 /* InvoiceRowView.swift */ = {isa = PBXFileReference; lastKnownFileType = sourcecode.swift; path = InvoiceRowView.swift; sourceTree = "<group>"; };
		1799760F8B854CB5B6C4AB6B /* InvoicesListView.swift */ = {isa = PBXFileReference; lastKnownFileType = sourcecode.swift; path = InvoicesListView.swift; sourceTree = "<group>"; };
		6C629599870E4D82AB1EE532 /* AddEditReceiptView.swift */ = {isa = PBXFileReference; lastKnownFileType = sourcecode.swift; path = AddEditReceiptView.swift; sourceTree = "<group>"; };
		C14ED3A4C58E42368D695E1F /* ReceiptRowView.swift */ = {isa = PBXFileReference; lastKnownFileType = sourcecode.swift; path = ReceiptRowView.swift; sourceTree = "<group>"; };
		01A49E01D5BD443CBD9CC573 /* ReceiptsListView.swift */ = {isa = PBXFileReference; lastKnownFileType = sourcecode.swift; path = ReceiptsListView.swift; sourceTree = "<group>"; };
		F0C4874E226B42E1A6963EEE /* RootTabView.swift */ = {isa = PBXFileReference; lastKnownFileType = sourcecode.swift; path = RootTabView.swift; sourceTree = "<group>"; };
		61D073B84A92464D935C59AF /* SettingsView.swift */ = {isa = PBXFileReference; lastKnownFileType = sourcecode.swift; path = SettingsView.swift; sourceTree = "<group>"; };
		BDF8F6E2C6AD4FE4A8959EA2 /* AddEditPersonView.swift */ = {isa = PBXFileReference; lastKnownFileType = sourcecode.swift; path = AddEditPersonView.swift; sourceTree = "<group>"; };
		3E049FEA47514F1BB91EC2CA /* AddEditTimeEntryView.swift */ = {isa = PBXFileReference; lastKnownFileType = sourcecode.swift; path = AddEditTimeEntryView.swift; sourceTree = "<group>"; };
		4382C5C7BEA3446294F6710C /* PeopleListView.swift */ = {isa = PBXFileReference; lastKnownFileType = sourcecode.swift; path = PeopleListView.swift; sourceTree = "<group>"; };
		EFEFA8EB756A48DE866A82BB /* TimeEntriesListView.swift */ = {isa = PBXFileReference; lastKnownFileType = sourcecode.swift; path = TimeEntriesListView.swift; sourceTree = "<group>"; };
		218FD77D00E34179B4E20738 /* TimeTabView.swift */ = {isa = PBXFileReference; lastKnownFileType = sourcecode.swift; path = TimeTabView.swift; sourceTree = "<group>"; };
		F92842EC73034E3AB9E00ADA /* TimerView.swift */ = {isa = PBXFileReference; lastKnownFileType = sourcecode.swift; path = TimerView.swift; sourceTree = "<group>"; };
/* End PBXFileReference section */

/* Begin PBXFrameworksBuildPhase section */
		508C7A6906EE4AC29519488A /* Frameworks */ = {
			isa = PBXFrameworksBuildPhase;
			buildActionMask = 2147483647;
			files = (
			);
			runOnlyForDeploymentPostprocessing = 0;
		};
/* End PBXFrameworksBuildPhase section */

/* Begin PBXGroup section */
		5BBEFD0000000000000000C1 = {
			isa = PBXGroup;
			children = (
				5A458E92FC9C4887AB672742 /* GigTrack */,
				5BBEFD0000000000000000D1 /* Products */,
			);
			sourceTree = "<group>";
		};
		5BBEFD0000000000000000D1 /* Products */ = {
			isa = PBXGroup;
			children = (
				5BBEFD0000000000000000A1 /* GigTrack.app */,
			);
			name = Products;
			sourceTree = "<group>";
		};
		5A458E92FC9C4887AB672742 /* GigTrack */ = {
			isa = PBXGroup;
			children = (
				833EFA239724402AA8724841 /* Assets.xcassets */,
				E7C86E43C3394656AFD52CAE /* GigTrack.entitlements */,
				0ABF3BCD7B074674B9C0C381 /* GigTrackApp.swift */,
				73048D993E2B466D9986166E /* Models */,
				75E7901A81914CFCA1A4534D /* Utilities */,
				109AC6E5150E42A8809DC71B /* Views */,
			);
			path = GigTrack;
			sourceTree = "<group>";
		};
		73048D993E2B466D9986166E /* Models */ = {
			isa = PBXGroup;
			children = (
				204820D732434BF2816C5AA9 /* Client.swift */,
				C10791375B824300855A67BE /* DrivingTrip.swift */,
				F358551637394FF9A7F2A743 /* Invoice.swift */,
				AA29DBB349704BEB90E3BEC6 /* InvoiceLineItem.swift */,
				12E917B6A58D445AB9CAC8BA /* InvoiceStatus.swift */,
				22AE916F00BC4DB8875541C9 /* Person.swift */,
				2A7422524B2A41299CB5A8F0 /* Receipt.swift */,
				EE945D50B7764B6F884A36E1 /* TimeEntry.swift */,
			);
			path = Models;
			sourceTree = "<group>";
		};
		75E7901A81914CFCA1A4534D /* Utilities */ = {
			isa = PBXGroup;
			children = (
				282039659E4E474A86CD9908 /* AppStorageKeys.swift */,
				D49E70C67BF848D6ACC807CA /* CSVExporter.swift */,
				F10C5DFA20F44E029680B9C4 /* Formatters.swift */,
				39E8DE2EBEC7459098DD73D8 /* InvoicePDFGenerator.swift */,
			);
			path = Utilities;
			sourceTree = "<group>";
		};
		109AC6E5150E42A8809DC71B /* Views */ = {
			isa = PBXGroup;
			children = (
				ED6BD7AE4070427286E77023 /* Components */,
				9811DB43471445329CA37843 /* Driving */,
				8ACD07360B844447BA560A6F /* Invoices */,
				DA581501AC1F448DBEFD407A /* Receipts */,
				F0C4874E226B42E1A6963EEE /* RootTabView.swift */,
				FF9703934AE746C19A3623E2 /* Settings */,
				A7884DDD3F5C4A54ABC03F4F /* Time */,
			);
			path = Views;
			sourceTree = "<group>";
		};
		ED6BD7AE4070427286E77023 /* Components */ = {
			isa = PBXGroup;
			children = (
				EAA889CAD55A465DAD3FC897 /* CameraPicker.swift */,
				07E3B7B3C9724D108C6AC062 /* EmptyStateView.swift */,
				13592D53B14B4B9C90ABC0A1 /* ShareSheet.swift */,
				BE40A1016F8A44FEBAD8D268 /* StatCard.swift */,
			);
			path = Components;
			sourceTree = "<group>";
		};
		9811DB43471445329CA37843 /* Driving */ = {
			isa = PBXGroup;
			children = (
				8B1C2FA4DDEA4E0C8B6D56EB /* AddEditTripView.swift */,
				F85B6D1A6E8848E2998ECD3E /* DrivingListView.swift */,
				715C22398BEE48CE84340DFA /* TripRowView.swift */,
			);
			path = Driving;
			sourceTree = "<group>";
		};
		8ACD07360B844447BA560A6F /* Invoices */ = {
			isa = PBXGroup;
			children = (
				74004C62E5304119B284D842 /* AddEditClientView.swift */,
				E50FB38DAEC94C26B7FF83CA /* AddEditInvoiceView.swift */,
				54700B0B4107453BB1B1B364 /* ClientsListView.swift */,
				503DB5DD40A7450DAC1DB9BA /* InvoiceDetailView.swift */,
				98B923AC878849D19603F847 /* InvoiceRowView.swift */,
				1799760F8B854CB5B6C4AB6B /* InvoicesListView.swift */,
			);
			path = Invoices;
			sourceTree = "<group>";
		};
		DA581501AC1F448DBEFD407A /* Receipts */ = {
			isa = PBXGroup;
			children = (
				6C629599870E4D82AB1EE532 /* AddEditReceiptView.swift */,
				C14ED3A4C58E42368D695E1F /* ReceiptRowView.swift */,
				01A49E01D5BD443CBD9CC573 /* ReceiptsListView.swift */,
			);
			path = Receipts;
			sourceTree = "<group>";
		};
		FF9703934AE746C19A3623E2 /* Settings */ = {
			isa = PBXGroup;
			children = (
				61D073B84A92464D935C59AF /* SettingsView.swift */,
			);
			path = Settings;
			sourceTree = "<group>";
		};
		A7884DDD3F5C4A54ABC03F4F /* Time */ = {
			isa = PBXGroup;
			children = (
				BDF8F6E2C6AD4FE4A8959EA2 /* AddEditPersonView.swift */,
				3E049FEA47514F1BB91EC2CA /* AddEditTimeEntryView.swift */,
				4382C5C7BEA3446294F6710C /* PeopleListView.swift */,
				EFEFA8EB756A48DE866A82BB /* TimeEntriesListView.swift */,
				218FD77D00E34179B4E20738 /* TimeTabView.swift */,
				F92842EC73034E3AB9E00ADA /* TimerView.swift */,
			);
			path = Time;
			sourceTree = "<group>";
		};
/* End PBXGroup section */

/* Begin PBXNativeTarget section */
		5BBEFD0000000000000000E1 /* GigTrack */ = {
			isa = PBXNativeTarget;
			buildConfigurationList = 98E2BDE71A5847E1A98A9AD8 /* Build configuration list for PBXNativeTarget "GigTrack" */;
			buildPhases = (
				81A9C968E2264758914C17D0 /* Sources */,
				508C7A6906EE4AC29519488A /* Frameworks */,
				E717412BE5774149AF89F3DB /* Resources */,
			);
			buildRules = (
			);
			dependencies = (
			);
			name = GigTrack;
			productName = GigTrack;
			productReference = 5BBEFD0000000000000000A1 /* GigTrack.app */;
			productType = "com.apple.product-type.application";
		};
/* End PBXNativeTarget section */

/* Begin PBXProject section */
		5BBEFD0000000000000000B1 /* Project object */ = {
			isa = PBXProject;
			attributes = {
				BuildIndependentTargetsInParallel = 1;
				LastSwiftUpdateCheck = 1600;
				LastUpgradeCheck = 1600;
				TargetAttributes = {
					5BBEFD0000000000000000E1 = {
						CreatedOnToolsVersion = 16.0;
					};
				};
			};
			buildConfigurationList = 2F9EFDD805B740779ED0D312 /* Build configuration list for PBXProject "GigTrack" */;
			compatibilityVersion = "Xcode 14.0";
			developmentRegion = en;
			hasScannedForEncodings = 0;
			knownRegions = (
				en,
				Base,
			);
			mainGroup = 5BBEFD0000000000000000C1;
			productRefGroup = 5BBEFD0000000000000000D1 /* Products */;
			projectDirPath = "";
			projectRoot = "";
			targets = (
				5BBEFD0000000000000000E1 /* GigTrack */,
			);
		};
/* End PBXProject section */

/* Begin PBXResourcesBuildPhase section */
		E717412BE5774149AF89F3DB /* Resources */ = {
			isa = PBXResourcesBuildPhase;
			buildActionMask = 2147483647;
			files = (
				123A32AA10914ED0982AC71E /* Assets.xcassets in Resources */,
			);
			runOnlyForDeploymentPostprocessing = 0;
		};
/* End PBXResourcesBuildPhase section */

/* Begin PBXSourcesBuildPhase section */
		81A9C968E2264758914C17D0 /* Sources */ = {
			isa = PBXSourcesBuildPhase;
			buildActionMask = 2147483647;
			files = (
				4429FAB85F614B86814DB727 /* GigTrackApp.swift in Sources */,
				BBB0B0E785FC4474A19B3323 /* Client.swift in Sources */,
				8DFEF8603FD746C090265A99 /* DrivingTrip.swift in Sources */,
				A230B4CCC09B4549B3F38D5B /* Invoice.swift in Sources */,
				783AE140514D45F1B8772954 /* InvoiceLineItem.swift in Sources */,
				503CE5F4FCB7453BB8006DFD /* InvoiceStatus.swift in Sources */,
				CED2858E967F479E99CD07C6 /* Person.swift in Sources */,
				7E45EDE7FD01441084F94092 /* Receipt.swift in Sources */,
				1476F1F851A04C3ABC701941 /* TimeEntry.swift in Sources */,
				14EC3EB9C5154A16854A9E4E /* AppStorageKeys.swift in Sources */,
				5976238F797043EBAD5BE46D /* CSVExporter.swift in Sources */,
				083F4379287A4164A2D2A5C9 /* Formatters.swift in Sources */,
				B9A60575DC3747ADBB6AEC30 /* InvoicePDFGenerator.swift in Sources */,
				B0A1C532535E4A5D903A702D /* CameraPicker.swift in Sources */,
				10CFB5EB12164ED3969AD440 /* EmptyStateView.swift in Sources */,
				D3652BA1FF9948E8B3FB257B /* ShareSheet.swift in Sources */,
				24D37E7309DF46E3964A72F5 /* StatCard.swift in Sources */,
				762E5F4FA7D4466E878B43DE /* AddEditTripView.swift in Sources */,
				A306ABFA314A40C0AE1EC640 /* DrivingListView.swift in Sources */,
				DE2ACD28AB3B490B9ACE1F5B /* TripRowView.swift in Sources */,
				8DB062FD905E4512AA8A94DA /* AddEditClientView.swift in Sources */,
				61BAB08F311B422BA5DE3300 /* AddEditInvoiceView.swift in Sources */,
				957538272EF1499D845D6809 /* ClientsListView.swift in Sources */,
				F75B5A44BF224178AE6903AC /* InvoiceDetailView.swift in Sources */,
				3DEA73AEFB224E518192BFC4 /* InvoiceRowView.swift in Sources */,
				88BF21144AC7402BA9968D20 /* InvoicesListView.swift in Sources */,
				1169D50B137B4A0590406DD5 /* AddEditReceiptView.swift in Sources */,
				7AE4BA81D79B402C84872EA3 /* ReceiptRowView.swift in Sources */,
				0C53554CAEA8429C8BB8F0AA /* ReceiptsListView.swift in Sources */,
				B224A33E43564572B8201349 /* RootTabView.swift in Sources */,
				94C51F9068874B129F33F0DA /* SettingsView.swift in Sources */,
				DD5FA6BF0C8840E4A5937E84 /* AddEditPersonView.swift in Sources */,
				9A244035C2624ED9B2E9C43B /* AddEditTimeEntryView.swift in Sources */,
				248C893D077F42D88CE04635 /* PeopleListView.swift in Sources */,
				F5FABEC38C29447DAC7373F5 /* TimeEntriesListView.swift in Sources */,
				29A313E629C0497CA8A732E4 /* TimeTabView.swift in Sources */,
				351C79E965A04AEE8947D61A /* TimerView.swift in Sources */,
			);
			runOnlyForDeploymentPostprocessing = 0;
		};
/* End PBXSourcesBuildPhase section */

/* Begin XCBuildConfiguration section */
		317631A69BCC4338B84FC662 /* Debug */ = {
			isa = XCBuildConfiguration;
			buildSettings = {
				ALWAYS_SEARCH_USER_PATHS = NO;
				CLANG_ANALYZER_NONNULL = YES;
				CLANG_ANALYZER_NUMBER_OBJECT_CONVERSION = YES_AGGRESSIVE;
				CLANG_CXX_LANGUAGE_STANDARD = "gnu++20";
				CLANG_ENABLE_MODULES = YES;
				CLANG_ENABLE_OBJC_ARC = YES;
				CLANG_ENABLE_OBJC_WEAK = YES;
				CLANG_WARN_BLOCK_CAPTURE_AUTORELEASING = YES;
				CLANG_WARN_BOOL_CONVERSION = YES;
				CLANG_WARN_COMMA = YES;
				CLANG_WARN_CONSTANT_CONVERSION = YES;
				CLANG_WARN_DEPRECATED_OBJC_IMPLEMENTATIONS = YES;
				CLANG_WARN_DIRECT_OBJC_ISA_USAGE = YES_ERROR;
				CLANG_WARN_DOCUMENTATION_COMMENTS = YES;
				CLANG_WARN_EMPTY_BODY = YES;
				CLANG_WARN_ENUM_CONVERSION = YES;
				CLANG_WARN_INFINITE_RECURSION = YES;
				CLANG_WARN_INT_CONVERSION = YES;
				CLANG_WARN_NON_LITERAL_NULL_CONVERSION = YES;
				CLANG_WARN_OBJC_IMPLICIT_RETAIN_SELF = YES;
				CLANG_WARN_OBJC_LITERAL_CONVERSION = YES;
				CLANG_WARN_OBJC_ROOT_CLASS = YES_ERROR;
				CLANG_WARN_QUOTED_INCLUDE_IN_FRAMEWORK_HEADER = YES;
				CLANG_WARN_RANGE_LOOP_ANALYSIS = YES;
				CLANG_WARN_STRICT_PROTOTYPES = YES;
				CLANG_WARN_SUSPICIOUS_MOVE = YES;
				CLANG_WARN_UNGUARDED_AVAILABILITY = YES_AGGRESSIVE;
				CLANG_WARN_UNREACHABLE_CODE = YES;
				CLANG_WARN__DUPLICATE_METHOD_MATCH = YES;
				COPY_PHASE_STRIP = NO;
				DEBUG_INFORMATION_FORMAT = dwarf;
				ENABLE_STRICT_OBJC_MSGSEND = YES;
				ENABLE_TESTABILITY = YES;
				ENABLE_USER_SCRIPT_SANDBOXING = YES;
				GCC_C_LANGUAGE_STANDARD = gnu17;
				GCC_DYNAMIC_NO_PIC = NO;
				GCC_NO_COMMON_BLOCKS = YES;
				GCC_OPTIMIZATION_LEVEL = 0;
				GCC_PREPROCESSOR_DEFINITIONS = (
					"DEBUG=1",
					"$(inherited)",
				);
				GCC_WARN_64_TO_32_BIT_CONVERSION = YES;
				GCC_WARN_ABOUT_RETURN_TYPE = YES_ERROR;
				GCC_WARN_UNDECLARED_SELECTOR = YES;
				GCC_WARN_UNINITIALIZED_AUTOS = YES_AGGRESSIVE;
				GCC_WARN_UNUSED_FUNCTION = YES;
				GCC_WARN_UNUSED_VARIABLE = YES;
				IPHONEOS_DEPLOYMENT_TARGET = 17.0;
				MTL_ENABLE_DEBUG_INFO = INCLUDE_SOURCE;
				MTL_FAST_MATH = YES;
				ONLY_ACTIVE_ARCH = YES;
				SDKROOT = iphoneos;
				SWIFT_ACTIVE_COMPILATION_CONDITIONS = "DEBUG $(inherited)";
				SWIFT_OPTIMIZATION_LEVEL = "-Onone";
			};
			name = Debug;
		};
		F308BB8525A04558BCA3AA0C /* Release */ = {
			isa = XCBuildConfiguration;
			buildSettings = {
				ALWAYS_SEARCH_USER_PATHS = NO;
				CLANG_ANALYZER_NONNULL = YES;
				CLANG_ANALYZER_NUMBER_OBJECT_CONVERSION = YES_AGGRESSIVE;
				CLANG_CXX_LANGUAGE_STANDARD = "gnu++20";
				CLANG_ENABLE_MODULES = YES;
				CLANG_ENABLE_OBJC_ARC = YES;
				CLANG_ENABLE_OBJC_WEAK = YES;
				CLANG_WARN_BLOCK_CAPTURE_AUTORELEASING = YES;
				CLANG_WARN_BOOL_CONVERSION = YES;
				CLANG_WARN_COMMA = YES;
				CLANG_WARN_CONSTANT_CONVERSION = YES;
				CLANG_WARN_DEPRECATED_OBJC_IMPLEMENTATIONS = YES;
				CLANG_WARN_DIRECT_OBJC_ISA_USAGE = YES_ERROR;
				CLANG_WARN_DOCUMENTATION_COMMENTS = YES;
				CLANG_WARN_EMPTY_BODY = YES;
				CLANG_WARN_ENUM_CONVERSION = YES;
				CLANG_WARN_INFINITE_RECURSION = YES;
				CLANG_WARN_INT_CONVERSION = YES;
				CLANG_WARN_NON_LITERAL_NULL_CONVERSION = YES;
				CLANG_WARN_OBJC_IMPLICIT_RETAIN_SELF = YES;
				CLANG_WARN_OBJC_LITERAL_CONVERSION = YES;
				CLANG_WARN_OBJC_ROOT_CLASS = YES_ERROR;
				CLANG_WARN_QUOTED_INCLUDE_IN_FRAMEWORK_HEADER = YES;
				CLANG_WARN_RANGE_LOOP_ANALYSIS = YES;
				CLANG_WARN_STRICT_PROTOTYPES = YES;
				CLANG_WARN_SUSPICIOUS_MOVE = YES;
				CLANG_WARN_UNGUARDED_AVAILABILITY = YES_AGGRESSIVE;
				CLANG_WARN_UNREACHABLE_CODE = YES;
				CLANG_WARN__DUPLICATE_METHOD_MATCH = YES;
				COPY_PHASE_STRIP = NO;
				DEBUG_INFORMATION_FORMAT = "dwarf-with-dsym";
				ENABLE_NS_ASSERTIONS = NO;
				ENABLE_STRICT_OBJC_MSGSEND = YES;
				ENABLE_USER_SCRIPT_SANDBOXING = YES;
				GCC_C_LANGUAGE_STANDARD = gnu17;
				GCC_NO_COMMON_BLOCKS = YES;
				GCC_WARN_64_TO_32_BIT_CONVERSION = YES;
				GCC_WARN_ABOUT_RETURN_TYPE = YES_ERROR;
				GCC_WARN_UNDECLARED_SELECTOR = YES;
				GCC_WARN_UNINITIALIZED_AUTOS = YES_AGGRESSIVE;
				GCC_WARN_UNUSED_FUNCTION = YES;
				GCC_WARN_UNUSED_VARIABLE = YES;
				IPHONEOS_DEPLOYMENT_TARGET = 17.0;
				MTL_ENABLE_DEBUG_INFO = NO;
				MTL_FAST_MATH = YES;
				SDKROOT = iphoneos;
				SWIFT_COMPILATION_MODE = wholemodule;
				VALIDATE_PRODUCT = YES;
			};
			name = Release;
		};
		57AF4F6D5C9C46AEB5F4E998 /* Debug */ = {
			isa = XCBuildConfiguration;
			buildSettings = {
				ASSETCATALOG_COMPILER_APPICON_NAME = AppIcon;
				ASSETCATALOG_COMPILER_GLOBAL_ACCENT_COLOR_NAME = AccentColor;
				CODE_SIGN_STYLE = Automatic;
				CODE_SIGN_ENTITLEMENTS = "GigTrack/GigTrack.entitlements";
				CURRENT_PROJECT_VERSION = 1;
				GENERATE_INFOPLIST_FILE = YES;
				INFOPLIST_KEY_CFBundleDisplayName = "GigTrack";
				INFOPLIST_KEY_NSCameraUsageDescription = "GigTrack uses the camera to photograph receipts.";
				INFOPLIST_KEY_UIApplicationSceneManifest_Generation = YES;
				INFOPLIST_KEY_UILaunchScreen_Generation = YES;
				INFOPLIST_KEY_UISupportedInterfaceOrientations = "UIInterfaceOrientationPortrait UIInterfaceOrientationLandscapeLeft UIInterfaceOrientationLandscapeRight";
				INFOPLIST_KEY_UISupportedInterfaceOrientations_iPad = "UIInterfaceOrientationPortrait UIInterfaceOrientationPortraitUpsideDown UIInterfaceOrientationLandscapeLeft UIInterfaceOrientationLandscapeRight";
				LD_RUNPATH_SEARCH_PATHS = (
					"$(inherited)",
					"@executable_path/Frameworks",
				);
				MARKETING_VERSION = 1.0;
				PRODUCT_BUNDLE_IDENTIFIER = com.cfmurph.gigtrack;
				PRODUCT_NAME = "$(TARGET_NAME)";
				SWIFT_EMIT_LOC_STRINGS = YES;
				SWIFT_VERSION = 5.0;
				TARGETED_DEVICE_FAMILY = "1,2";
			};
			name = Debug;
		};
		6CE8CBB52B374980BC2D8FEE /* Release */ = {
			isa = XCBuildConfiguration;
			buildSettings = {
				ASSETCATALOG_COMPILER_APPICON_NAME = AppIcon;
				ASSETCATALOG_COMPILER_GLOBAL_ACCENT_COLOR_NAME = AccentColor;
				CODE_SIGN_STYLE = Automatic;
				CODE_SIGN_ENTITLEMENTS = "GigTrack/GigTrack.entitlements";
				CURRENT_PROJECT_VERSION = 1;
				GENERATE_INFOPLIST_FILE = YES;
				INFOPLIST_KEY_CFBundleDisplayName = "GigTrack";
				INFOPLIST_KEY_NSCameraUsageDescription = "GigTrack uses the camera to photograph receipts.";
				INFOPLIST_KEY_UIApplicationSceneManifest_Generation = YES;
				INFOPLIST_KEY_UILaunchScreen_Generation = YES;
				INFOPLIST_KEY_UISupportedInterfaceOrientations = "UIInterfaceOrientationPortrait UIInterfaceOrientationLandscapeLeft UIInterfaceOrientationLandscapeRight";
				INFOPLIST_KEY_UISupportedInterfaceOrientations_iPad = "UIInterfaceOrientationPortrait UIInterfaceOrientationPortraitUpsideDown UIInterfaceOrientationLandscapeLeft UIInterfaceOrientationLandscapeRight";
				LD_RUNPATH_SEARCH_PATHS = (
					"$(inherited)",
					"@executable_path/Frameworks",
				);
				MARKETING_VERSION = 1.0;
				PRODUCT_BUNDLE_IDENTIFIER = com.cfmurph.gigtrack;
				PRODUCT_NAME = "$(TARGET_NAME)";
				SWIFT_EMIT_LOC_STRINGS = YES;
				SWIFT_VERSION = 5.0;
				TARGETED_DEVICE_FAMILY = "1,2";
			};
			name = Release;
		};
/* End XCBuildConfiguration section */

/* Begin XCConfigurationList section */
		2F9EFDD805B740779ED0D312 /* Build configuration list for PBXProject "GigTrack" */ = {
			isa = XCConfigurationList;
			buildConfigurations = (
				317631A69BCC4338B84FC662 /* Debug */,
				F308BB8525A04558BCA3AA0C /* Release */,
			);
			defaultConfigurationIsVisible = 0;
			defaultConfigurationName = Release;
		};
		98E2BDE71A5847E1A98A9AD8 /* Build configuration list for PBXNativeTarget "GigTrack" */ = {
			isa = XCConfigurationList;
			buildConfigurations = (
				57AF4F6D5C9C46AEB5F4E998 /* Debug */,
				6CE8CBB52B374980BC2D8FEE /* Release */,
			);
			defaultConfigurationIsVisible = 0;
			defaultConfigurationName = Release;
		};
/* End XCConfigurationList section */
	};
	rootObject = 5BBEFD0000000000000000B1 /* Project object */;
}
